
Microsoft Visual Studio Solution File, Format Version 12.00
# Visual Studio Version 17
VisualStudioVersion = 17.7.34031.279
MinimumVisualStudioVersion = 10.0.40219.1
Project("{8BC9CEB8-8B4A-11D0-8D11-00A0C91BC942}") = "TroubleShooters", "TroubleShooters\TroubleShooters.vcxproj", "{B403E80A-A3F8-42D4-A042-1E3D508159B1}"
EndProject
Global
	GlobalSection(SolutionConfigurationPlatforms) = preSolution
		Debug|x64 = Debug|x64
		Release|x64 = Release|x64
	EndGlobalSection
	GlobalSection(ProjectConfigurationPlatforms) = postSolution
		{B403E80A-A3F8-42D4-A042-1E3D508159B1}.Debug|x64.ActiveCfg = Debug|x64
		{B403E80A-A3F8-42D4-A042-1E3D508159B1}.Debug|x64.Build.0 = Debug|x64
		{B403E80A-A3F8-42D4-A042-1E3D508159B1}.Release|x64.ActiveCfg = Release|x64
		{B403E80A-A3F8-42D4-A042-1E3D508159B1}.Release|x64.Build.0 = Release|x64
	EndGlobalSection
	GlobalSection(SolutionProperties) = preSolution
		HideSolutionNode = FALSE
	EndGlobalSection
	GlobalSection(ExtensibilityGlobals) = postSolution
		SolutionGuid = {8B5FF860-BB01-46E2-AB88-C69DEAD09218}
	EndGlobalSection
EndGlobal
